version = 1
revision = 3
requires-python = ">=3.12"

[[package]]
name = "dataclasses"
version = "0.8"
source = { registry = "https://pypi.org/simple" }
sdist = { url = "https://files.pythonhosted.org/packages/1f/12/7919c5d8b9c497f9180db15ea8ead6499812ea8264a6ae18766d93c59fe5/dataclasses-0.8.tar.gz", hash = "sha256:8479067f342acf957dc82ec415d355ab5edb7e7646b90dc6e2fd1d96ad084c97", size = 36581, upload-time = "2020-11-13T14:40:30.139Z" }
wheels = [
    { url = "https://files.pythonhosted.org/packages/fe/ca/75fac5856ab5cfa51bbbcefa250182e50441074fdc3f803f6e76451fab43/dataclasses-0.8-py3-none-any.whl", hash = "sha256:0201d89fa866f68c8ebd9d08ee6ff50c0b255f8ec63a71c16fda7af82bb887bf", size = 19041, upload-time = "2020-11-13T14:40:29.194Z" },
]

[[package]]
name = "datetime"
version = "6.0"
source = { registry = "https://pypi.org/simple" }
dependencies = [
    { name = "pytz" },
    { name = "zope-interface" },
]
sdist = { url = "https://files.pythonhosted.org/packages/77/32/decbfd165e9985ba9d8c2d34a39afe5aeba2fc3fe390eb6e9ef1aab98fa8/datetime-6.0.tar.gz", hash = "sha256:c1514936d2f901e10c8e08d83bf04e6c9dbd7ca4f244da94fec980980a3bc4d5", size = 64167, upload-time = "2025-11-25T08:00:34.586Z" }
wheels = [
    { url = "https://files.pythonhosted.org/packages/cf/7a/ea0f3e3ea74be36fc7cf54f966cde732a3de72697983cdb5646b0a4dacde/datetime-6.0-py3-none-any.whl", hash = "sha256:d19988f0657a4e72c9438344157254a8dcad6aea8cd5ae70a5d1b5a75e5dc930", size = 52637, upload-time = "2025-11-25T08:00:33.077Z" },
]

[[package]]
name = "python-dateutil"
version = "2.9.0.post0"
source = { registry = "https://pypi.org/simple" }
dependencies = [
    { name = "six" },
]
sdist = { url = "https://files.pythonhosted.org/packages/66/c0/0c8b6ad9f17a802ee498c46e004a0eb49bc148f2fd230864601a86dcf6db/python-dateutil-2.9.0.post0.tar.gz", hash = "sha256:37dd54208da7e1cd875388217d5e00ebd4179249f90fb72437e91a35459a0ad3", size = 342432, upload-time = "2024-03-01T18:36:20.211Z" }
wheels = [
    { url = "https://files.pythonhosted.org/packages/ec/57/56b9bcc3c9c6a792fcbaf139543cee77261f3651ca9da0c93f5c1221264b/python_dateutil-2.9.0.post0-py2.py3-none-any.whl", hash = "sha256:a8b2bc7bffae282281c8140a97d3aa9c14da0b136dfe83f850eea9a5f7470427", size = 229892, upload-time = "2024-03-01T18:36:18.57Z" },
]

[[package]]
name = "pytz"
version = "2026.2"
source = { registry = "https://pypi.org/simple" }
sdist = { url = "https://files.pythonhosted.org/packages/ff/46/dd499ec9038423421951e4fad73051febaa13d2df82b4064f87af8b8c0c3/pytz-2026.2.tar.gz", hash = "sha256:0e60b47b29f21574376f218fe21abc009894a2321ea16c6754f3cad6eb7cdd6a", size = 320861, upload-time = "2026-05-04T01:35:29.667Z" }
wheels = [
    { url = "https://files.pythonhosted.org/packages/ec/dd/96da98f892250475bdf2328112d7468abdd4acc7b902b6af23f4ed958ea0/pytz-2026.2-py2.py3-none-any.whl", hash = "sha256:04156e608bee23d3792fd45c94ae47fae1036688e75032eea2e3bf0323d1f126", size = 510141, upload-time = "2026-05-04T01:35:27.408Z" },
]

[[package]]
name = "six"
version = "1.17.0"
source = { registry = "https://pypi.org/simple" }
sdist = { url = "https://files.pythonhosted.org/packages/94/e7/b2c673351809dca68a0e064b6af791aa332cf192da575fd474ed7d6f16a2/six-1.17.0.tar.gz", hash = "sha256:ff70335d468e7eb6ec65b95b99d3a2836546063f63acc5171de367e834932a81", size = 34031, upload-time = "2024-12-04T17:35:28.174Z" }
wheels = [
    { url = "https://files.pythonhosted.org/packages/b7/ce/149a00dd41f10bc29e5921b496af8b574d8413afcd5e30dfa0ed46c2cc5e/six-1.17.0-py2.py3-none-any.whl", hash = "sha256:4721f391ed90541fddacab5acf947aa0d3dc7d27b2e1e8eda2be8970586c3274", size = 11050, upload-time = "2024-12-04T17:35:26.475Z" },
]

[[package]]
name = "taxlation-nl"
version = "0.1.0"
source = { editable = "." }
dependencies = [
    { name = "dataclasses" },
    { name = "datetime" },
    { name = "python-dateutil" },
]

[package.metadata]
requires-dist = [
    { name = "dataclasses", specifier = ">=0.8" },
    { name = "datetime", specifier = ">=6.0" },
    { name = "python-dateutil", specifier = ">=2.9.0.post0" },
]

[[package]]
name = "zope-interface"
version = "8.5"
source = { registry = "https://pypi.org/simple" }
sdist = { url = "https://files.pythonhosted.org/packages/08/dc/50550cfcbb2ea3cbca5f1d7ed05c8aa840f831a0f2d63aec0a953f7c590e/zope_interface-8.5.tar.gz", hash = "sha256:7a3ba1c5877f0f3e3906b02ddf793abed2becc2948116414ce0e1dd820b68d6d", size = 257957, upload-time = "2026-05-26T06:50:14.574Z" }
wheels = [
    { url = "https://files.pythonhosted.org/packages/97/cc/b84123a948f3162a34623e188922827cd845244fdd043ed20f8d02228caa/zope_interface-8.5-cp312-cp312-macosx_10_9_x86_64.whl", hash = "sha256:8e6ee90c2e6de7c37058d5fa41f123c8b13a312db8d1e0fb5840d7f4bcdff9c9", size = 212165, upload-time = "2026-05-26T06:49:26.566Z" },
    { url = "https://files.pythonhosted.org/packages/4e/78/cbceec44f1b27208a76c1a688c131302685852406a23df5aab68324109cc/zope_interface-8.5-cp312-cp312-macosx_11_0_arm64.whl", hash = "sha256:c1adc90d3576b3b4c4de4953e6002c37bef28b78d7fa54c1bbfd0c50f022fe7c", size = 212341, upload-time = "2026-05-26T06:49:28.182Z" },
    { url = "https://files.pythonhosted.org/packages/e1/c3/005032195ff3b210c139b7c560ed5c534e844b0907d8e44d2b3d8919305e/zope_interface-8.5-cp312-cp312-manylinux1_i686.manylinux2014_i686.manylinux_2_17_i686.manylinux_2_5_i686.whl", hash = "sha256:e6347b8d8d12c5eca6502450a92be30079b7acfade2c4f693efa0deb8871b06e", size = 265296, upload-time = "2026-05-26T06:49:29.741Z" },
    { url = "https://files.pythonhosted.org/packages/c5/66/1036543d6a66bc04c19df3cf650f3ad938a002ab0a443c24e23e8de5e8b9/zope_interface-8.5-cp312-cp312-manylinux1_x86_64.manylinux2014_x86_64.manylinux_2_17_x86_64.manylinux_2_5_x86_64.whl", hash = "sha256:5e970dabea777a24b0b0bbf9dae3ab75ce8b2d8e948edf4875627034b21f3560", size = 270689, upload-time = "2026-05-26T06:49:31.767Z" },
    { url = "https://files.pythonhosted.org/packages/30/4c/8b56259558cace4414e753ca6740396a1f59d4a95ddb55b4658600408670/zope_interface-8.5-cp312-cp312-manylinux2014_aarch64.manylinux_2_17_aarch64.whl", hash = "sha256:f0b48ccadaa9839e09ff81e969703cecb3f402c813bfe8b958652e699bea69f5", size = 270280, upload-time = "2026-05-26T06:49:33.489Z" },
    { url = "https://files.pythonhosted.org/packages/f9/ea/649908c83aa8fdb7faf2ddca4d3cf6fb8f2157121267dc56e8f72681e26c/zope_interface-8.5-cp312-cp312-win_amd64.whl", hash = "sha256:e0e311f1277468c08fd59a2b41f71b43d25dff639789d364747acd1705c0df6e", size = 215019, upload-time = "2026-05-26T06:49:35.607Z" },
    { url = "https://files.pythonhosted.org/packages/9f/97/da13037b4c563e4df32eedbc819f8c00b754af494f68211e3dffd48d52da/zope_interface-8.5-cp312-cp312-win_arm64.whl", hash = "sha256:652b73107a04159ec6c020db6c1543d4f1e8f4d069bd2aac88a947820923517b", size = 213569, upload-time = "2026-05-26T06:49:37.317Z" },
    { url = "https://files.pythonhosted.org/packages/f4/8c/4c15755d701f2ec0e80d64a18e1ebaf5be2c584c0ec153fd516f5d13eada/zope_interface-8.5-cp313-cp313-macosx_10_9_x86_64.whl", hash = "sha256:28e80457c134d1fa57a7d758004dece348654e1b1467ac22dcdc20fc1d127c52", size = 212512, upload-time = "2026-05-26T06:49:38.996Z" },
    { url = "https://files.pythonhosted.org/packages/9a/2e/4360c54c465db042cc8fbeeec92abac28b4cedbf6ba63c1f092fd08a190f/zope_interface-8.5-cp313-cp313-macosx_11_0_arm64.whl", hash = "sha256:09495ce9d559c06b70f2d4855b3e4f48a822a9ddc8be1d30c5b4e5be14ae1ace", size = 212541, upload-time = "2026-05-26T06:49:41.186Z" },
    { url = "https://files.pythonhosted.org/packages/aa/a5/692a2b8d70f78e848793231d5fae5fecbf8d0cccd73430fdc34802a6d3c1/zope_interface-8.5-cp313-cp313-manylinux1_i686.manylinux2014_i686.manylinux_2_17_i686.manylinux_2_5_i686.whl", hash = "sha256:7849ad8fa90763cc1087f4dda78ca3a233e950b3e08fac7079297c9cafbbd7bb", size = 265191, upload-time = "2026-05-26T06:49:43.449Z" },
    { url = "https://files.pythonhosted.org/packages/70/8d/454a9cfc7a050c394ab4f11b3371f7897828b7415e096afff724637e65e0/zope_interface-8.5-cp313-cp313-manylinux1_x86_64.manylinux2014_x86_64.manylinux_2_17_x86_64.manylinux_2_5_x86_64.whl", hash = "sha256:5578c9421ca409a1f39f153d6f7803e4cde01da592ec75a9ac5e1b777d18d33b", size = 270626, upload-time = "2026-05-26T06:49:45.425Z" },
    { url = "https://files.pythonhosted.org/packages/51/8c/db8409cfa3575b8e9b4800babd7d49f8228433cd1f0c56814bd0ada49c33/zope_interface-8.5-cp313-cp313-manylinux2014_aarch64.manylinux_2_17_aarch64.whl", hash = "sha256:e1bd7d96b4ca5fa311f54c9eac16dce4886b428c1531dbe06067763ccdf123b4", size = 270444, upload-time = "2026-05-26T06:49:47.025Z" },
    { url = "https://files.pythonhosted.org/packages/4a/df/a386940e41469ef615e100a216d8b386521e9e598817147f87932ca203c4/zope_interface-8.5-cp313-cp313-win_amd64.whl", hash = "sha256:0c8123d2a4dfde2a613c7cb772605477724782c20bc2e0ad1d9435376a6a44a3", size = 215021, upload-time = "2026-05-26T06:49:48.478Z" },
    { url = "https://files.pythonhosted.org/packages/89/75/477eb5669b6b2a7a843decd1a075e9b1971a8720017654143a7183abd3d9/zope_interface-8.5-cp313-cp313-win_arm64.whl", hash = "sha256:6d02be14f3173c6c7288bc2fdf530090c01c3cf8764ad46c68024686f364278e", size = 213610, upload-time = "2026-05-26T06:49:50.01Z" },
    { url = "https://files.pythonhosted.org/packages/d4/19/5032e954827fdf02db2d2f49737ac4378bb9cfc2cd95a8f2e2a5ae2ec01a/zope_interface-8.5-cp314-cp314-macosx_10_9_x86_64.whl", hash = "sha256:ffaecf013251a89d0de6feb49a46eba48ad8cbbf8a40aeb6045e459e7bec6784", size = 212597, upload-time = "2026-05-26T06:49:51.63Z" },
    { url = "https://files.pythonhosted.org/packages/f1/53/3ef644012cf8a6a234a2d6134aab5a5c65ac5467c86296865501d4fbc406/zope_interface-8.5-cp314-cp314-macosx_11_0_arm64.whl", hash = "sha256:126fa9d1c52295ae076d4cf968634f0a1826afa408a20808b57ff72877b8f69f", size = 212626, upload-time = "2026-05-26T06:49:53.236Z" },
    { url = "https://files.pythonhosted.org/packages/32/67/bc8b4f465d388039255003e230c284a175cedf1203c692f23cb7bff64efe/zope_interface-8.5-cp314-cp314-manylinux1_i686.manylinux2014_i686.manylinux_2_17_i686.manylinux_2_5_i686.whl", hash = "sha256:3090e3a663d20194756a59a272e0c8508b889341e31d5894223331fe6b4f9b21", size = 266827, upload-time = "2026-05-26T06:49:54.873Z" },
    { url = "https://files.pythonhosted.org/packages/a7/eb/37d05b935ede53d79690fecc8d201440084418e590bcfc05f384451c7593/zope_interface-8.5-cp314-cp314-manylinux1_x86_64.manylinux2014_x86_64.manylinux_2_17_x86_64.manylinux_2_5_x86_64.whl", hash = "sha256:9342fb74e2afefdb081bf1df727d209ea56995c6e13f5a0540e6d7aff4beafb8", size = 270139, upload-time = "2026-05-26T06:49:57.116Z" },
    { url = "https://files.pythonhosted.org/packages/8b/0b/fd0c54579e2ce8dc6cf1a757903f3374bc6fbda929a46af9e0f53cb0e5f0/zope_interface-8.5-cp314-cp314-manylinux2014_aarch64.manylinux_2_17_aarch64.whl", hash = "sha256:6c54725d818f1b57a7efb8b16528326e1f3c257b602b32393fd255c45af8799d", size = 270338, upload-time = "2026-05-26T06:49:58.698Z" },
    { url = "https://files.pythonhosted.org/packages/c1/1d/c420dcd777bb761067ea92879ac766694a5ca78608185f1aecea64cbfc11/zope_interface-8.5-cp314-cp314-win_amd64.whl", hash = "sha256:29d74febbae1afeb6834c4ccbf42e242a673c860060f09e53142825270456140", size = 215789, upload-time = "2026-05-26T06:50:00.405Z" },
    { url = "https://files.pythonhosted.org/packages/62/94/50b5eb8f94e527edceac14f9955e58917424ea79bb572ddc18548561cbc2/zope_interface-8.5-cp314-cp314-win_arm64.whl", hash = "sha256:633c8c49396f38df030340797c533e9fe460d1b5d1e42d88e55e938e525f548c", size = 213757, upload-time = "2026-05-26T06:50:01.973Z" },
    { url = "https://files.pythonhosted.org/packages/17/6f/5d5f32c4dfcdb16ce2ec5363da686840f13c13e1a1214cb70b49e1cd6d9f/zope_interface-8.5-cp314-cp314t-macosx_10_9_x86_64.whl", hash = "sha256:133999820fdbae513c36c03d6f29ef87317aaa3edef39112222b155083664714", size = 213591, upload-time = "2026-05-26T06:50:03.529Z" },
    { url = "https://files.pythonhosted.org/packages/f3/55/de0c3459ff717fce3342f9a29464c281fdeb0d36c3171ee88d119d5f0650/zope_interface-8.5-cp314-cp314t-macosx_11_0_arm64.whl", hash = "sha256:8bd75c96966e573232f0599deaff717564828031c7f05563ccc1ac35c5ee0304", size = 213733, upload-time = "2026-05-26T06:50:05.101Z" },
    { url = "https://files.pythonhosted.org/packages/c2/95/d97430abd5ae9677e8b9295b58720c0064a5b557dbb6b8bf5928484cf0d8/zope_interface-8.5-cp314-cp314t-manylinux1_i686.manylinux2014_i686.manylinux_2_17_i686.manylinux_2_5_i686.whl", hash = "sha256:14b0e9799351d4c34fe99afd67f0cdd76e55ba15c66a98699d5fc22ea8241e08", size = 294905, upload-time = "2026-05-26T06:50:07.384Z" },
    { url = "https://files.pythonhosted.org/packages/41/ec/a0f8f3dad6e74992f4654bdd94802be0929eabca7b871cac3b6fbb5e961b/zope_interface-8.5-cp314-cp314t-manylinux1_x86_64.manylinux2014_x86_64.manylinux_2_17_x86_64.manylinux_2_5_x86_64.whl", hash = "sha256:0cd6a732ac84b94eb1ef9222a117347a27efd294ee16810ffdf7ecd307677ed5", size = 300885, upload-time = "2026-05-26T06:50:08.997Z" },
    { url = "https://files.pythonhosted.org/packages/0f/da/6881b48803a0ee8d23eb5efa30fce3ed218a2bd9de5758ce489d224fee81/zope_interface-8.5-cp314-cp314t-manylinux2014_aarch64.manylinux_2_17_aarch64.whl", hash = "sha256:798b7c87d0e59a7d5d086d642208d0d8700ff0d55c4029134b3c479c3bfb110f", size = 304672, upload-time = "2026-05-26T06:50:10.563Z" },
    { url = "https://files.pythonhosted.org/packages/2e/0e/b4c01320859ff1d585438bc231fd60bd258d096359bccf6654fecdf0cffb/zope_interface-8.5-cp314-cp314t-win_amd64.whl", hash = "sha256:0fc3a9d45f114d27eaa1e53beeb144533689edca8a9f66505b1e8e8b3f075e42", size = 217241, upload-time = "2026-05-26T06:50:12.171Z" },
]
